
Microsoft Visual Studio Solution File, Format Version 12.00
# Visual Studio Version 17
VisualStudioVersion = 17.3.32825.248
MinimumVisualStudioVersion = 10.0.40219.1
Project("{FAE04EC0-301F-11D3-BF4B-00C04F79EFBC}") = "Linq(7_Tasks)", "Linq(7_Tasks)\Linq(7_Tasks).csproj", "{6591B600-0A47-4405-86F0-17C7342BD85A}"
EndProject
Global
	GlobalSection(SolutionConfigurationPlatforms) = preSolution
		Debug|Any CPU = Debug|Any CPU
		Release|Any CPU = Release|Any CPU
	EndGlobalSection
	GlobalSection(ProjectConfigurationPlatforms) = postSolution
		{6591B600-0A47-4405-86F0-17C7342BD85A}.Debug|Any CPU.ActiveCfg = Debug|Any CPU
		{6591B600-0A47-4405-86F0-17C7342BD85A}.Debug|Any CPU.Build.0 = Debug|Any CPU
		{6591B600-0A47-4405-86F0-17C7342BD85A}.Release|Any CPU.ActiveCfg = Release|Any CPU
		{6591B600-0A47-4405-86F0-17C7342BD85A}.Release|Any CPU.Build.0 = Release|Any CPU
	EndGlobalSection
	GlobalSection(SolutionProperties) = preSolution
		HideSolutionNode = FALSE
	EndGlobalSection
	GlobalSection(ExtensibilityGlobals) = postSolution
		SolutionGuid = {79E3EC21-3CE3-42E4-809D-A25F0869A0D0}
	EndGlobalSection
EndGlobal
