
Microsoft Visual Studio Solution File, Format Version 12.00
# Visual Studio Version 17
VisualStudioVersion = 17.2.32616.157
MinimumVisualStudioVersion = 10.0.40219.1
Project("{FAE04EC0-301F-11D3-BF4B-00C04F79EFBC}") = "Vector_v2(operators)_Timer_del(.jpg)", "Vector_v2(operators)_Timer_del(.jpg)\Vector_v2(operators)_Timer_del(.jpg).csproj", "{28A05B30-BD5A-4873-BE12-1FB098289103}"
EndProject
Global
	GlobalSection(SolutionConfigurationPlatforms) = preSolution
		Debug|Any CPU = Debug|Any CPU
		Release|Any CPU = Release|Any CPU
	EndGlobalSection
	GlobalSection(ProjectConfigurationPlatforms) = postSolution
		{28A05B30-BD5A-4873-BE12-1FB098289103}.Debug|Any CPU.ActiveCfg = Debug|Any CPU
		{28A05B30-BD5A-4873-BE12-1FB098289103}.Debug|Any CPU.Build.0 = Debug|Any CPU
		{28A05B30-BD5A-4873-BE12-1FB098289103}.Release|Any CPU.ActiveCfg = Release|Any CPU
		{28A05B30-BD5A-4873-BE12-1FB098289103}.Release|Any CPU.Build.0 = Release|Any CPU
	EndGlobalSection
	GlobalSection(SolutionProperties) = preSolution
		HideSolutionNode = FALSE
	EndGlobalSection
	GlobalSection(ExtensibilityGlobals) = postSolution
		SolutionGuid = {EA0A49C1-CE9A-4FCC-811C-928907A6644A}
	EndGlobalSection
EndGlobal
