
Microsoft Visual Studio Solution File, Format Version 12.00
# Visual Studio Version 17
VisualStudioVersion = 17.2.32616.157
MinimumVisualStudioVersion = 10.0.40219.1
Project("{FAE04EC0-301F-11D3-BF4B-00C04F79EFBC}") = "Recursion", "Recursion\Recursion.csproj", "{51B94A3E-528E-4172-B7DC-5DE66FB25CEE}"
EndProject
Global
	GlobalSection(SolutionConfigurationPlatforms) = preSolution
		Debug|Any CPU = Debug|Any CPU
		Release|Any CPU = Release|Any CPU
	EndGlobalSection
	GlobalSection(ProjectConfigurationPlatforms) = postSolution
		{51B94A3E-528E-4172-B7DC-5DE66FB25CEE}.Debug|Any CPU.ActiveCfg = Debug|Any CPU
		{51B94A3E-528E-4172-B7DC-5DE66FB25CEE}.Debug|Any CPU.Build.0 = Debug|Any CPU
		{51B94A3E-528E-4172-B7DC-5DE66FB25CEE}.Release|Any CPU.ActiveCfg = Release|Any CPU
		{51B94A3E-528E-4172-B7DC-5DE66FB25CEE}.Release|Any CPU.Build.0 = Release|Any CPU
	EndGlobalSection
	GlobalSection(SolutionProperties) = preSolution
		HideSolutionNode = FALSE
	EndGlobalSection
	GlobalSection(ExtensibilityGlobals) = postSolution
		SolutionGuid = {6396536A-715D-41BB-8645-AD02DE8F7553}
	EndGlobalSection
EndGlobal
