
Microsoft Visual Studio Solution File, Format Version 12.00
# Visual Studio Version 17
VisualStudioVersion = 17.3.32825.248
MinimumVisualStudioVersion = 10.0.40219.1
Project("{FAE04EC0-301F-11D3-BF4B-00C04F79EFBC}") = "EndlessRunner", "EndlessRunner\EndlessRunner.csproj", "{ACF9326C-7F5D-444D-AE1D-F6E25A6D90A2}"
EndProject
Global
	GlobalSection(SolutionConfigurationPlatforms) = preSolution
		Debug|Any CPU = Debug|Any CPU
		Release|Any CPU = Release|Any CPU
	EndGlobalSection
	GlobalSection(ProjectConfigurationPlatforms) = postSolution
		{ACF9326C-7F5D-444D-AE1D-F6E25A6D90A2}.Debug|Any CPU.ActiveCfg = Debug|Any CPU
		{ACF9326C-7F5D-444D-AE1D-F6E25A6D90A2}.Debug|Any CPU.Build.0 = Debug|Any CPU
		{ACF9326C-7F5D-444D-AE1D-F6E25A6D90A2}.Release|Any CPU.ActiveCfg = Release|Any CPU
		{ACF9326C-7F5D-444D-AE1D-F6E25A6D90A2}.Release|Any CPU.Build.0 = Release|Any CPU
	EndGlobalSection
	GlobalSection(SolutionProperties) = preSolution
		HideSolutionNode = FALSE
	EndGlobalSection
	GlobalSection(ExtensibilityGlobals) = postSolution
		SolutionGuid = {D62AF904-86F7-46BC-B330-6E7E8A7FB87C}
	EndGlobalSection
EndGlobal
