
Microsoft Visual Studio Solution File, Format Version 12.00
# Visual Studio Version 17
VisualStudioVersion = 17.3.32825.248
MinimumVisualStudioVersion = 10.0.40219.1
Project("{FAE04EC0-301F-11D3-BF4B-00C04F79EFBC}") = "AbstractFactory(Archiver)", "AbstractFactory(Archiver)\AbstractFactory(Archiver).csproj", "{AE638836-3A83-4DC7-8318-F0526BFAFCB3}"
EndProject
Global
	GlobalSection(SolutionConfigurationPlatforms) = preSolution
		Debug|Any CPU = Debug|Any CPU
		Release|Any CPU = Release|Any CPU
	EndGlobalSection
	GlobalSection(ProjectConfigurationPlatforms) = postSolution
		{AE638836-3A83-4DC7-8318-F0526BFAFCB3}.Debug|Any CPU.ActiveCfg = Debug|Any CPU
		{AE638836-3A83-4DC7-8318-F0526BFAFCB3}.Debug|Any CPU.Build.0 = Debug|Any CPU
		{AE638836-3A83-4DC7-8318-F0526BFAFCB3}.Release|Any CPU.ActiveCfg = Release|Any CPU
		{AE638836-3A83-4DC7-8318-F0526BFAFCB3}.Release|Any CPU.Build.0 = Release|Any CPU
	EndGlobalSection
	GlobalSection(SolutionProperties) = preSolution
		HideSolutionNode = FALSE
	EndGlobalSection
	GlobalSection(ExtensibilityGlobals) = postSolution
		SolutionGuid = {DF53DAB7-5F39-415F-93D2-D8379AA652DB}
	EndGlobalSection
EndGlobal
