
Microsoft Visual Studio Solution File, Format Version 12.00
# Visual Studio Version 17
VisualStudioVersion = 17.2.32616.157
MinimumVisualStudioVersion = 10.0.40219.1
Project("{FAE04EC0-301F-11D3-BF4B-00C04F79EFBC}") = "Array_ 2DArray", "Array_ 2DArray\Array_ 2DArray.csproj", "{0B954519-C251-48FA-8D03-FA6EC72C89CD}"
EndProject
Global
	GlobalSection(SolutionConfigurationPlatforms) = preSolution
		Debug|Any CPU = Debug|Any CPU
		Release|Any CPU = Release|Any CPU
	EndGlobalSection
	GlobalSection(ProjectConfigurationPlatforms) = postSolution
		{0B954519-C251-48FA-8D03-FA6EC72C89CD}.Debug|Any CPU.ActiveCfg = Debug|Any CPU
		{0B954519-C251-48FA-8D03-FA6EC72C89CD}.Debug|Any CPU.Build.0 = Debug|Any CPU
		{0B954519-C251-48FA-8D03-FA6EC72C89CD}.Release|Any CPU.ActiveCfg = Release|Any CPU
		{0B954519-C251-48FA-8D03-FA6EC72C89CD}.Release|Any CPU.Build.0 = Release|Any CPU
	EndGlobalSection
	GlobalSection(SolutionProperties) = preSolution
		HideSolutionNode = FALSE
	EndGlobalSection
	GlobalSection(ExtensibilityGlobals) = postSolution
		SolutionGuid = {91670003-13F8-413E-963D-9CDC7362E2EE}
	EndGlobalSection
EndGlobal
