
Microsoft Visual Studio Solution File, Format Version 12.00
# Visual Studio Version 17
VisualStudioVersion = 17.3.32825.248
MinimumVisualStudioVersion = 10.0.40219.1
Project("{FAE04EC0-301F-11D3-BF4B-00C04F79EFBC}") = "tetris", "tetris\tetris.csproj", "{15CF35C3-CC8C-4CA2-91F0-C0E48C6DC8BD}"
EndProject
Global
	GlobalSection(SolutionConfigurationPlatforms) = preSolution
		Debug|Any CPU = Debug|Any CPU
		Release|Any CPU = Release|Any CPU
	EndGlobalSection
	GlobalSection(ProjectConfigurationPlatforms) = postSolution
		{15CF35C3-CC8C-4CA2-91F0-C0E48C6DC8BD}.Debug|Any CPU.ActiveCfg = Debug|Any CPU
		{15CF35C3-CC8C-4CA2-91F0-C0E48C6DC8BD}.Debug|Any CPU.Build.0 = Debug|Any CPU
		{15CF35C3-CC8C-4CA2-91F0-C0E48C6DC8BD}.Release|Any CPU.ActiveCfg = Release|Any CPU
		{15CF35C3-CC8C-4CA2-91F0-C0E48C6DC8BD}.Release|Any CPU.Build.0 = Release|Any CPU
	EndGlobalSection
	GlobalSection(SolutionProperties) = preSolution
		HideSolutionNode = FALSE
	EndGlobalSection
	GlobalSection(ExtensibilityGlobals) = postSolution
		SolutionGuid = {43053EDB-5A58-46C3-8F99-550DB69E616C}
	EndGlobalSection
EndGlobal
