
Microsoft Visual Studio Solution File, Format Version 12.00
# Visual Studio Version 17
VisualStudioVersion = 17.3.32825.248
MinimumVisualStudioVersion = 10.0.40219.1
Project("{FAE04EC0-301F-11D3-BF4B-00C04F79EFBC}") = "DynoRunner", "DynoRunner\DynoRunner.csproj", "{F539FE46-CCC7-4684-8949-231289695F8F}"
EndProject
Global
	GlobalSection(SolutionConfigurationPlatforms) = preSolution
		Debug|Any CPU = Debug|Any CPU
		Release|Any CPU = Release|Any CPU
	EndGlobalSection
	GlobalSection(ProjectConfigurationPlatforms) = postSolution
		{F539FE46-CCC7-4684-8949-231289695F8F}.Debug|Any CPU.ActiveCfg = Debug|Any CPU
		{F539FE46-CCC7-4684-8949-231289695F8F}.Debug|Any CPU.Build.0 = Debug|Any CPU
		{F539FE46-CCC7-4684-8949-231289695F8F}.Release|Any CPU.ActiveCfg = Release|Any CPU
		{F539FE46-CCC7-4684-8949-231289695F8F}.Release|Any CPU.Build.0 = Release|Any CPU
	EndGlobalSection
	GlobalSection(SolutionProperties) = preSolution
		HideSolutionNode = FALSE
	EndGlobalSection
	GlobalSection(ExtensibilityGlobals) = postSolution
		SolutionGuid = {AB64224E-DB70-4D8C-ADA5-99B81A822B35}
	EndGlobalSection
EndGlobal
