
Microsoft Visual Studio Solution File, Format Version 12.00
# Visual Studio Version 17
VisualStudioVersion = 17.2.32616.157
MinimumVisualStudioVersion = 10.0.40219.1
Project("{FAE04EC0-301F-11D3-BF4B-00C04F79EFBC}") = "CS_Garage", "CS_Garage\CS_Garage.csproj", "{5FC9D1DD-048F-4B5C-9794-EAD6A3F221CC}"
EndProject
Global
	GlobalSection(SolutionConfigurationPlatforms) = preSolution
		Debug|Any CPU = Debug|Any CPU
		Release|Any CPU = Release|Any CPU
	EndGlobalSection
	GlobalSection(ProjectConfigurationPlatforms) = postSolution
		{5FC9D1DD-048F-4B5C-9794-EAD6A3F221CC}.Debug|Any CPU.ActiveCfg = Debug|Any CPU
		{5FC9D1DD-048F-4B5C-9794-EAD6A3F221CC}.Debug|Any CPU.Build.0 = Debug|Any CPU
		{5FC9D1DD-048F-4B5C-9794-EAD6A3F221CC}.Release|Any CPU.ActiveCfg = Release|Any CPU
		{5FC9D1DD-048F-4B5C-9794-EAD6A3F221CC}.Release|Any CPU.Build.0 = Release|Any CPU
	EndGlobalSection
	GlobalSection(SolutionProperties) = preSolution
		HideSolutionNode = FALSE
	EndGlobalSection
	GlobalSection(ExtensibilityGlobals) = postSolution
		SolutionGuid = {CC91030A-7299-4DDA-8F39-F10CFB5513CD}
	EndGlobalSection
EndGlobal
